// !$*UTF8*$!
{
	archiveVersion = 1;
	classes = {
	};
	objectVersion = 46;
	objects = {

/* Begin PBXBuildFile section */
		403CA7EA19FDCDE200E99BF5 /* Dosis-SemiBold.otf in Resources */ = {isa = PBXBuildFile; fileRef = 403CA7E919FDCDE200E99BF5 /* Dosis-SemiBold.otf */; };
		40A678D719FCE1F400A5FF81 /* PivotalLaterViewController.swift in Sources */ = {isa = PBXBuildFile; fileRef = 40A678D619FCE1F400A5FF81 /* PivotalLaterViewController.swift */; };
		40A678D919FCE39E00A5FF81 /* TrelloLaterViewController.swift in Sources */ = {isa = PBXBuildFile; fileRef = 40A678D819FCE39E00A5FF81 /* TrelloLaterViewController.swift */; };
		40A678DB19FCE55E00A5FF81 /* TrelloTaskViewController.swift in Sources */ = {isa = PBXBuildFile; fileRef = 40A678DA19FCE55E00A5FF81 /* TrelloTaskViewController.swift */; };
		40A678DD19FCE58400A5FF81 /* PivotalTaskViewController.swift in Sources */ = {isa = PBXBuildFile; fileRef = 40A678DC19FCE58400A5FF81 /* PivotalTaskViewController.swift */; };
		40A678DF19FCE9FC00A5FF81 /* PivotalArchiveViewController.swift in Sources */ = {isa = PBXBuildFile; fileRef = 40A678DE19FCE9FC00A5FF81 /* PivotalArchiveViewController.swift */; };
		40A678E119FCEA2900A5FF81 /* TrelloArchiveViewController.swift in Sources */ = {isa = PBXBuildFile; fileRef = 40A678E019FCEA2900A5FF81 /* TrelloArchiveViewController.swift */; };
		40EC5D9319F8754500D7D5D3 /* ProximaNova-Black.otf in Resources */ = {isa = PBXBuildFile; fileRef = 40EC5D8919F8754500D7D5D3 /* ProximaNova-Black.otf */; };
		40EC5D9419F8754500D7D5D3 /* ProximaNova-Bold.otf in Resources */ = {isa = PBXBuildFile; fileRef = 40EC5D8A19F8754500D7D5D3 /* ProximaNova-Bold.otf */; };
		40EC5D9519F8754500D7D5D3 /* ProximaNova-BoldIt.otf in Resources */ = {isa = PBXBuildFile; fileRef = 40EC5D8B19F8754500D7D5D3 /* ProximaNova-BoldIt.otf */; };
		40EC5D9619F8754500D7D5D3 /* ProximaNova-Extrabld.otf in Resources */ = {isa = PBXBuildFile; fileRef = 40EC5D8C19F8754500D7D5D3 /* ProximaNova-Extrabld.otf */; };
		40EC5D9719F8754500D7D5D3 /* ProximaNova-Light.otf in Resources */ = {isa = PBXBuildFile; fileRef = 40EC5D8D19F8754500D7D5D3 /* ProximaNova-Light.otf */; };
		40EC5D9819F8754500D7D5D3 /* ProximaNova-LightIt.otf in Resources */ = {isa = PBXBuildFile; fileRef = 40EC5D8E19F8754500D7D5D3 /* ProximaNova-LightIt.otf */; };
		40EC5D9919F8754500D7D5D3 /* ProximaNova-Regular.otf in Resources */ = {isa = PBXBuildFile; fileRef = 40EC5D8F19F8754500D7D5D3 /* ProximaNova-Regular.otf */; };
		40EC5D9A19F8754500D7D5D3 /* ProximaNova-RegularIt.otf in Resources */ = {isa = PBXBuildFile; fileRef = 40EC5D9019F8754500D7D5D3 /* ProximaNova-RegularIt.otf */; };
		40EC5D9B19F8754500D7D5D3 /* ProximaNova-Semibold.otf in Resources */ = {isa = PBXBuildFile; fileRef = 40EC5D9119F8754500D7D5D3 /* ProximaNova-Semibold.otf */; };
		40EC5D9C19F8754500D7D5D3 /* ProximaNova-SemiboldIt.otf in Resources */ = {isa = PBXBuildFile; fileRef = 40EC5D9219F8754500D7D5D3 /* ProximaNova-SemiboldIt.otf */; };
		7B8CEE5219F474BE00BCC156 /* AppDelegate.swift in Sources */ = {isa = PBXBuildFile; fileRef = 7B8CEE5119F474BE00BCC156 /* AppDelegate.swift */; };
		7B8CEE5419F474BE00BCC156 /* ViewController.swift in Sources */ = {isa = PBXBuildFile; fileRef = 7B8CEE5319F474BE00BCC156 /* ViewController.swift */; };
		7B8CEE5719F474BE00BCC156 /* Main.storyboard in Resources */ = {isa = PBXBuildFile; fileRef = 7B8CEE5519F474BE00BCC156 /* Main.storyboard */; };
		7B8CEE5919F474BE00BCC156 /* Images.xcassets in Resources */ = {isa = PBXBuildFile; fileRef = 7B8CEE5819F474BE00BCC156 /* Images.xcassets */; };
		7B8CEE5C19F474BE00BCC156 /* LaunchScreen.xib in Resources */ = {isa = PBXBuildFile; fileRef = 7B8CEE5A19F474BE00BCC156 /* LaunchScreen.xib */; };
		7B8CEE6819F474BE00BCC156 /* WorkdayTests.swift in Sources */ = {isa = PBXBuildFile; fileRef = 7B8CEE6719F474BE00BCC156 /* WorkdayTests.swift */; };
		7B8CEE7219F47C1A00BCC156 /* TodayViewController.swift in Sources */ = {isa = PBXBuildFile; fileRef = 7B8CEE7119F47C1A00BCC156 /* TodayViewController.swift */; };
		BA8536E119F4AF290026DC17 /* TomorrowViewController.swift in Sources */ = {isa = PBXBuildFile; fileRef = BA8536E019F4AF290026DC17 /* TomorrowViewController.swift */; };
		BA8536E319F4AF730026DC17 /* MainViewController.swift in Sources */ = {isa = PBXBuildFile; fileRef = BA8536E219F4AF730026DC17 /* MainViewController.swift */; };
		BA8536E519F4AFA20026DC17 /* SettingsViewController.swift in Sources */ = {isa = PBXBuildFile; fileRef = BA8536E419F4AFA20026DC17 /* SettingsViewController.swift */; };
		BA8536E719F4AFC90026DC17 /* AllTasksViewController.swift in Sources */ = {isa = PBXBuildFile; fileRef = BA8536E619F4AFC90026DC17 /* AllTasksViewController.swift */; };
/* End PBXBuildFile section */

/* Begin PBXContainerItemProxy section */
		7B8CEE6219F474BE00BCC156 /* PBXContainerItemProxy */ = {
			isa = PBXContainerItemProxy;
			containerPortal = 7B8CEE4419F474BE00BCC156 /* Project object */;
			proxyType = 1;
			remoteGlobalIDString = 7B8CEE4B19F474BE00BCC156;
			remoteInfo = Workday;
		};
/* End PBXContainerItemProxy section */

/* Begin PBXFileReference section */
		403CA7E919FDCDE200E99BF5 /* Dosis-SemiBold.otf */ = {isa = PBXFileReference; lastKnownFileType = file; path = "Dosis-SemiBold.otf"; sourceTree = "<group>"; };
		40A678D619FCE1F400A5FF81 /* PivotalLaterViewController.swift */ = {isa = PBXFileReference; fileEncoding = 4; lastKnownFileType = sourcecode.swift; path = PivotalLaterViewController.swift; sourceTree = "<group>"; };
		40A678D819FCE39E00A5FF81 /* TrelloLaterViewController.swift */ = {isa = PBXFileReference; fileEncoding = 4; lastKnownFileType = sourcecode.swift; path = TrelloLaterViewController.swift; sourceTree = "<group>"; };
		40A678DA19FCE55E00A5FF81 /* TrelloTaskViewController.swift */ = {isa = PBXFileReference; fileEncoding = 4; lastKnownFileType = sourcecode.swift; path = TrelloTaskViewController.swift; sourceTree = "<group>"; };
		40A678DC19FCE58400A5FF81 /* PivotalTaskViewController.swift */ = {isa = PBXFileReference; fileEncoding = 4; lastKnownFileType = sourcecode.swift; path = PivotalTaskViewController.swift; sourceTree = "<group>"; };
		40A678DE19FCE9FC00A5FF81 /* PivotalArchiveViewController.swift */ = {isa = PBXFileReference; fileEncoding = 4; lastKnownFileType = sourcecode.swift; path = PivotalArchiveViewController.swift; sourceTree = "<group>"; };
		40A678E019FCEA2900A5FF81 /* TrelloArchiveViewController.swift */ = {isa = PBXFileReference; fileEncoding = 4; lastKnownFileType = sourcecode.swift; path = TrelloArchiveViewController.swift; sourceTree = "<group>"; };
		40EC5D8919F8754500D7D5D3 /* ProximaNova-Black.otf */ = {isa = PBXFileReference; lastKnownFileType = file; path = "ProximaNova-Black.otf"; sourceTree = "<group>"; };
		40EC5D8A19F8754500D7D5D3 /* ProximaNova-Bold.otf */ = {isa = PBXFileReference; lastKnownFileType = file; path = "ProximaNova-Bold.otf"; sourceTree = "<group>"; };
		40EC5D8B19F8754500D7D5D3 /* ProximaNova-BoldIt.otf */ = {isa = PBXFileReference; lastKnownFileType = file; path = "ProximaNova-BoldIt.otf"; sourceTree = "<group>"; };
		40EC5D8C19F8754500D7D5D3 /* ProximaNova-Extrabld.otf */ = {isa = PBXFileReference; lastKnownFileType = file; path = "ProximaNova-Extrabld.otf"; sourceTree = "<group>"; };
		40EC5D8D19F8754500D7D5D3 /* ProximaNova-Light.otf */ = {isa = PBXFileReference; lastKnownFileType = file; path = "ProximaNova-Light.otf"; sourceTree = "<group>"; };
		40EC5D8E19F8754500D7D5D3 /* ProximaNova-LightIt.otf */ = {isa = PBXFileReference; lastKnownFileType = file; path = "ProximaNova-LightIt.otf"; sourceTree = "<group>"; };
		40EC5D8F19F8754500D7D5D3 /* ProximaNova-Regular.otf */ = {isa = PBXFileReference; lastKnownFileType = file; path = "ProximaNova-Regular.otf"; sourceTree = "<group>"; };
		40EC5D9019F8754500D7D5D3 /* ProximaNova-RegularIt.otf */ = {isa = PBXFileReference; lastKnownFileType = file; path = "ProximaNova-RegularIt.otf"; sourceTree = "<group>"; };
		40EC5D9119F8754500D7D5D3 /* ProximaNova-Semibold.otf */ = {isa = PBXFileReference; lastKnownFileType = file; path = "ProximaNova-Semibold.otf"; sourceTree = "<group>"; };
		40EC5D9219F8754500D7D5D3 /* ProximaNova-SemiboldIt.otf */ = {isa = PBXFileReference; lastKnownFileType = file; path = "ProximaNova-SemiboldIt.otf"; sourceTree = "<group>"; };
		7B8CEE4C19F474BE00BCC156 /* Workday.app */ = {isa = PBXFileReference; explicitFileType = wrapper.application; includeInIndex = 0; path = Workday.app; sourceTree = BUILT_PRODUCTS_DIR; };
		7B8CEE5019F474BE00BCC156 /* Info.plist */ = {isa = PBXFileReference; lastKnownFileType = text.plist.xml; path = Info.plist; sourceTree = "<group>"; };
		7B8CEE5119F474BE00BCC156 /* AppDelegate.swift */ = {isa = PBXFileReference; lastKnownFileType = sourcecode.swift; path = AppDelegate.swift; sourceTree = "<group>"; };
		7B8CEE5319F474BE00BCC156 /* ViewController.swift */ = {isa = PBXFileReference; lastKnownFileType = sourcecode.swift; path = ViewController.swift; sourceTree = "<group>"; };
		7B8CEE5619F474BE00BCC156 /* Base */ = {isa = PBXFileReference; lastKnownFileType = file.storyboard; name = Base; path = Base.lproj/Main.storyboard; sourceTree = "<group>"; };
		7B8CEE5819F474BE00BCC156 /* Images.xcassets */ = {isa = PBXFileReference; lastKnownFileType = folder.assetcatalog; path = Images.xcassets; sourceTree = "<group>"; };
		7B8CEE5B19F474BE00BCC156 /* Base */ = {isa = PBXFileReference; lastKnownFileType = file.xib; name = Base; path = Base.lproj/LaunchScreen.xib; sourceTree = "<group>"; };
		7B8CEE6119F474BE00BCC156 /* WorkdayTests.xctest */ = {isa = PBXFileReference; explicitFileType = wrapper.cfbundle; includeInIndex = 0; path = WorkdayTests.xctest; sourceTree = BUILT_PRODUCTS_DIR; };
		7B8CEE6619F474BE00BCC156 /* Info.plist */ = {isa = PBXFileReference; lastKnownFileType = text.plist.xml; path = Info.plist; sourceTree = "<group>"; };
		7B8CEE6719F474BE00BCC156 /* WorkdayTests.swift */ = {isa = PBXFileReference; lastKnownFileType = sourcecode.swift; path = WorkdayTests.swift; sourceTree = "<group>"; };
		7B8CEE7119F47C1A00BCC156 /* TodayViewController.swift */ = {isa = PBXFileReference; fileEncoding = 4; lastKnownFileType = sourcecode.swift; path = TodayViewController.swift; sourceTree = "<group>"; };
		BA8536E019F4AF290026DC17 /* TomorrowViewController.swift */ = {isa = PBXFileReference; fileEncoding = 4; lastKnownFileType = sourcecode.swift; path = TomorrowViewController.swift; sourceTree = "<group>"; };
		BA8536E219F4AF730026DC17 /* MainViewController.swift */ = {isa = PBXFileReference; fileEncoding = 4; lastKnownFileType = sourcecode.swift; path = MainViewController.swift; sourceTree = "<group>"; };
		BA8536E419F4AFA20026DC17 /* SettingsViewController.swift */ = {isa = PBXFileReference; fileEncoding = 4; lastKnownFileType = sourcecode.swift; path = SettingsViewController.swift; sourceTree = "<group>"; };
		BA8536E619F4AFC90026DC17 /* AllTasksViewController.swift */ = {isa = PBXFileReference; fileEncoding = 4; lastKnownFileType = sourcecode.swift; path = AllTasksViewController.swift; sourceTree = "<group>"; };
/* End PBXFileReference section */

/* Begin PBXFrameworksBuildPhase section */
		7B8CEE4919F474BE00BCC156 /* Frameworks */ = {
			isa = PBXFrameworksBuildPhase;
			buildActionMask = 2147483647;
			files = (
			);
			runOnlyForDeploymentPostprocessing = 0;
		};
		7B8CEE5E19F474BE00BCC156 /* Frameworks */ = {
			isa = PBXFrameworksBuildPhase;
			buildActionMask = 2147483647;
			files = (
			);
			runOnlyForDeploymentPostprocessing = 0;
		};
/* End PBXFrameworksBuildPhase section */

/* Begin PBXGroup section */
		40EC5D8819F8754500D7D5D3 /* Fonts */ = {
			isa = PBXGroup;
			children = (
				403CA7E919FDCDE200E99BF5 /* Dosis-SemiBold.otf */,
				40EC5D8919F8754500D7D5D3 /* ProximaNova-Black.otf */,
				40EC5D8A19F8754500D7D5D3 /* ProximaNova-Bold.otf */,
				40EC5D8B19F8754500D7D5D3 /* ProximaNova-BoldIt.otf */,
				40EC5D8C19F8754500D7D5D3 /* ProximaNova-Extrabld.otf */,
				40EC5D8D19F8754500D7D5D3 /* ProximaNova-Light.otf */,
				40EC5D8E19F8754500D7D5D3 /* ProximaNova-LightIt.otf */,
				40EC5D8F19F8754500D7D5D3 /* ProximaNova-Regular.otf */,
				40EC5D9019F8754500D7D5D3 /* ProximaNova-RegularIt.otf */,
				40EC5D9119F8754500D7D5D3 /* ProximaNova-Semibold.otf */,
				40EC5D9219F8754500D7D5D3 /* ProximaNova-SemiboldIt.otf */,
			);
			name = Fonts;
			path = Proxima;
			sourceTree = "<group>";
		};
		7B8CEE4319F474BE00BCC156 = {
			isa = PBXGroup;
			children = (
				7B8CEE4E19F474BE00BCC156 /* Workday */,
				7B8CEE6419F474BE00BCC156 /* WorkdayTests */,
				7B8CEE4D19F474BE00BCC156 /* Products */,
			);
			sourceTree = "<group>";
		};
		7B8CEE4D19F474BE00BCC156 /* Products */ = {
			isa = PBXGroup;
			children = (
				7B8CEE4C19F474BE00BCC156 /* Workday.app */,
				7B8CEE6119F474BE00BCC156 /* WorkdayTests.xctest */,
			);
			name = Products;
			sourceTree = "<group>";
		};
		7B8CEE4E19F474BE00BCC156 /* Workday */ = {
			isa = PBXGroup;
			children = (
				40EC5D8819F8754500D7D5D3 /* Fonts */,
				7B8CEE5119F474BE00BCC156 /* AppDelegate.swift */,
				7B8CEE5319F474BE00BCC156 /* ViewController.swift */,
				7B8CEE5519F474BE00BCC156 /* Main.storyboard */,
				40A678E019FCEA2900A5FF81 /* TrelloArchiveViewController.swift */,
				40A678DE19FCE9FC00A5FF81 /* PivotalArchiveViewController.swift */,
				40A678DC19FCE58400A5FF81 /* PivotalTaskViewController.swift */,
				40A678DA19FCE55E00A5FF81 /* TrelloTaskViewController.swift */,
				40A678D819FCE39E00A5FF81 /* TrelloLaterViewController.swift */,
				40A678D619FCE1F400A5FF81 /* PivotalLaterViewController.swift */,
				BA8536E619F4AFC90026DC17 /* AllTasksViewController.swift */,
				BA8536E419F4AFA20026DC17 /* SettingsViewController.swift */,
				BA8536E219F4AF730026DC17 /* MainViewController.swift */,
				BA8536E019F4AF290026DC17 /* TomorrowViewController.swift */,
				7B8CEE7119F47C1A00BCC156 /* TodayViewController.swift */,
				7B8CEE5819F474BE00BCC156 /* Images.xcassets */,
				7B8CEE5A19F474BE00BCC156 /* LaunchScreen.xib */,
				7B8CEE4F19F474BE00BCC156 /* Supporting Files */,
			);
			path = Workday;
			sourceTree = "<group>";
		};
		7B8CEE4F19F474BE00BCC156 /* Supporting Files */ = {
			isa = PBXGroup;
			children = (
				7B8CEE5019F474BE00BCC156 /* Info.plist */,
			);
			name = "Supporting Files";
			sourceTree = "<group>";
		};
		7B8CEE6419F474BE00BCC156 /* WorkdayTests */ = {
			isa = PBXGroup;
			children = (
				7B8CEE6719F474BE00BCC156 /* WorkdayTests.swift */,
				7B8CEE6519F474BE00BCC156 /* Supporting Files */,
			);
			path = WorkdayTests;
			sourceTree = "<group>";
		};
		7B8CEE6519F474BE00BCC156 /* Supporting Files */ = {
			isa = PBXGroup;
			children = (
				7B8CEE6619F474BE00BCC156 /* Info.plist */,
			);
			name = "Supporting Files";
			sourceTree = "<group>";
		};
/* End PBXGroup section */

/* Begin PBXNativeTarget section */
		7B8CEE4B19F474BE00BCC156 /* Workday */ = {
			isa = PBXNativeTarget;
			buildConfigurationList = 7B8CEE6B19F474BE00BCC156 /* Build configuration list for PBXNativeTarget "Workday" */;
			buildPhases = (
				7B8CEE4819F474BE00BCC156 /* Sources */,
				7B8CEE4919F474BE00BCC156 /* Frameworks */,
				7B8CEE4A19F474BE00BCC156 /* Resources */,
			);
			buildRules = (
			);
			dependencies = (
			);
			name = Workday;
			productName = Workday;
			productReference = 7B8CEE4C19F474BE00BCC156 /* Workday.app */;
			productType = "com.apple.product-type.application";
		};
		7B8CEE6019F474BE00BCC156 /* WorkdayTests */ = {
			isa = PBXNativeTarget;
			buildConfigurationList = 7B8CEE6E19F474BE00BCC156 /* Build configuration list for PBXNativeTarget "WorkdayTests" */;
			buildPhases = (
				7B8CEE5D19F474BE00BCC156 /* Sources */,
				7B8CEE5E19F474BE00BCC156 /* Frameworks */,
				7B8CEE5F19F474BE00BCC156 /* Resources */,
			);
			buildRules = (
			);
			dependencies = (
				7B8CEE6319F474BE00BCC156 /* PBXTargetDependency */,
			);
			name = WorkdayTests;
			productName = WorkdayTests;
			productReference = 7B8CEE6119F474BE00BCC156 /* WorkdayTests.xctest */;
			productType = "com.apple.product-type.bundle.unit-test";
		};
/* End PBXNativeTarget section */

/* Begin PBXProject section */
		7B8CEE4419F474BE00BCC156 /* Project object */ = {
			isa = PBXProject;
			attributes = {
				LastUpgradeCheck = 0600;
				ORGANIZATIONNAME = siddiqui;
				TargetAttributes = {
					7B8CEE4B19F474BE00BCC156 = {
						CreatedOnToolsVersion = 6.0;
					};
					7B8CEE6019F474BE00BCC156 = {
						CreatedOnToolsVersion = 6.0;
						TestTargetID = 7B8CEE4B19F474BE00BCC156;
					};
				};
			};
			buildConfigurationList = 7B8CEE4719F474BE00BCC156 /* Build configuration list for PBXProject "Workday" */;
			compatibilityVersion = "Xcode 3.2";
			developmentRegion = English;
			hasScannedForEncodings = 0;
			knownRegions = (
				en,
				Base,
			);
			mainGroup = 7B8CEE4319F474BE00BCC156;
			productRefGroup = 7B8CEE4D19F474BE00BCC156 /* Products */;
			projectDirPath = "";
			projectRoot = "";
			targets = (
				7B8CEE4B19F474BE00BCC156 /* Workday */,
				7B8CEE6019F474BE00BCC156 /* WorkdayTests */,
			);
		};
/* End PBXProject section */

/* Begin PBXResourcesBuildPhase section */
		7B8CEE4A19F474BE00BCC156 /* Resources */ = {
			isa = PBXResourcesBuildPhase;
			buildActionMask = 2147483647;
			files = (
				40EC5D9C19F8754500D7D5D3 /* ProximaNova-SemiboldIt.otf in Resources */,
				7B8CEE5719F474BE00BCC156 /* Main.storyboard in Resources */,
				40EC5D9919F8754500D7D5D3 /* ProximaNova-Regular.otf in Resources */,
				7B8CEE5C19F474BE00BCC156 /* LaunchScreen.xib in Resources */,
				40EC5D9519F8754500D7D5D3 /* ProximaNova-BoldIt.otf in Resources */,
				40EC5D9619F8754500D7D5D3 /* ProximaNova-Extrabld.otf in Resources */,
				40EC5D9A19F8754500D7D5D3 /* ProximaNova-RegularIt.otf in Resources */,
				403CA7EA19FDCDE200E99BF5 /* Dosis-SemiBold.otf in Resources */,
				40EC5D9319F8754500D7D5D3 /* ProximaNova-Black.otf in Resources */,
				40EC5D9B19F8754500D7D5D3 /* ProximaNova-Semibold.otf in Resources */,
				40EC5D9719F8754500D7D5D3 /* ProximaNova-Light.otf in Resources */,
				7B8CEE5919F474BE00BCC156 /* Images.xcassets in Resources */,
				40EC5D9819F8754500D7D5D3 /* ProximaNova-LightIt.otf in Resources */,
				40EC5D9419F8754500D7D5D3 /* ProximaNova-Bold.otf in Resources */,
			);
			runOnlyForDeploymentPostprocessing = 0;
		};
		7B8CEE5F19F474BE00BCC156 /* Resources */ = {
			isa = PBXResourcesBuildPhase;
			buildActionMask = 2147483647;
			files = (
			);
			runOnlyForDeploymentPostprocessing = 0;
		};
/* End PBXResourcesBuildPhase section */

/* Begin PBXSourcesBuildPhase section */
		7B8CEE4819F474BE00BCC156 /* Sources */ = {
			isa = PBXSourcesBuildPhase;
			buildActionMask = 2147483647;
			files = (
				7B8CEE5419F474BE00BCC156 /* ViewController.swift in Sources */,
				40A678DF19FCE9FC00A5FF81 /* PivotalArchiveViewController.swift in Sources */,
				40A678E119FCEA2900A5FF81 /* TrelloArchiveViewController.swift in Sources */,
				BA8536E719F4AFC90026DC17 /* AllTasksViewController.swift in Sources */,
				7B8CEE5219F474BE00BCC156 /* AppDelegate.swift in Sources */,
				40A678DD19FCE58400A5FF81 /* PivotalTaskViewController.swift in Sources */,
				7B8CEE7219F47C1A00BCC156 /* TodayViewController.swift in Sources */,
				BA8536E119F4AF290026DC17 /* TomorrowViewController.swift in Sources */,
				BA8536E319F4AF730026DC17 /* MainViewController.swift in Sources */,
				40A678DB19FCE55E00A5FF81 /* TrelloTaskViewController.swift in Sources */,
				40A678D919FCE39E00A5FF81 /* TrelloLaterViewController.swift in Sources */,
				40A678D719FCE1F400A5FF81 /* PivotalLaterViewController.swift in Sources */,
				BA8536E519F4AFA20026DC17 /* SettingsViewController.swift in Sources */,
			);
			runOnlyForDeploymentPostprocessing = 0;
		};
		7B8CEE5D19F474BE00BCC156 /* Sources */ = {
			isa = PBXSourcesBuildPhase;
			buildActionMask = 2147483647;
			files = (
				7B8CEE6819F474BE00BCC156 /* WorkdayTests.swift in Sources */,
			);
			runOnlyForDeploymentPostprocessing = 0;
		};
/* End PBXSourcesBuildPhase section */

/* Begin PBXTargetDependency section */
		7B8CEE6319F474BE00BCC156 /* PBXTargetDependency */ = {
			isa = PBXTargetDependency;
			target = 7B8CEE4B19F474BE00BCC156 /* Workday */;
			targetProxy = 7B8CEE6219F474BE00BCC156 /* PBXContainerItemProxy */;
		};
/* End PBXTargetDependency section */

/* Begin PBXVariantGroup section */
		7B8CEE5519F474BE00BCC156 /* Main.storyboard */ = {
			isa = PBXVariantGroup;
			children = (
				7B8CEE5619F474BE00BCC156 /* Base */,
			);
			name = Main.storyboard;
			sourceTree = "<group>";
		};
		7B8CEE5A19F474BE00BCC156 /* LaunchScreen.xib */ = {
			isa = PBXVariantGroup;
			children = (
				7B8CEE5B19F474BE00BCC156 /* Base */,
			);
			name = LaunchScreen.xib;
			sourceTree = "<group>";
		};
/* End PBXVariantGroup section */

/* Begin XCBuildConfiguration section */
		7B8CEE6919F474BE00BCC156 /* Debug */ = {
			isa = XCBuildConfiguration;
			buildSettings = {
				ALWAYS_SEARCH_USER_PATHS = NO;
				CLANG_CXX_LANGUAGE_STANDARD = "gnu++0x";
				CLANG_CXX_LIBRARY = "libc++";
				CLANG_ENABLE_MODULES = YES;
				CLANG_ENABLE_OBJC_ARC = YES;
				CLANG_WARN_BOOL_CONVERSION = YES;
				CLANG_WARN_CONSTANT_CONVERSION = YES;
				CLANG_WARN_DIRECT_OBJC_ISA_USAGE = YES_ERROR;
				CLANG_WARN_EMPTY_BODY = YES;
				CLANG_WARN_ENUM_CONVERSION = YES;
				CLANG_WARN_INT_CONVERSION = YES;
				CLANG_WARN_OBJC_ROOT_CLASS = YES_ERROR;
				CLANG_WARN_UNREACHABLE_CODE = YES;
				CLANG_WARN__DUPLICATE_METHOD_MATCH = YES;
				"CODE_SIGN_IDENTITY[sdk=iphoneos*]" = "iPhone Developer";
				COPY_PHASE_STRIP = NO;
				ENABLE_STRICT_OBJC_MSGSEND = YES;
				GCC_C_LANGUAGE_STANDARD = gnu99;
				GCC_DYNAMIC_NO_PIC = NO;
				GCC_OPTIMIZATION_LEVEL = 0;
				GCC_PREPROCESSOR_DEFINITIONS = (
					"DEBUG=1",
					"$(inherited)",
				);
				GCC_SYMBOLS_PRIVATE_EXTERN = NO;
				GCC_WARN_64_TO_32_BIT_CONVERSION = YES;
				GCC_WARN_ABOUT_RETURN_TYPE = YES_ERROR;
				GCC_WARN_UNDECLARED_SELECTOR = YES;
				GCC_WARN_UNINITIALIZED_AUTOS = YES_AGGRESSIVE;
				GCC_WARN_UNUSED_FUNCTION = YES;
				GCC_WARN_UNUSED_VARIABLE = YES;
				IPHONEOS_DEPLOYMENT_TARGET = 8.0;
				MTL_ENABLE_DEBUG_INFO = YES;
				ONLY_ACTIVE_ARCH = YES;
				SDKROOT = iphoneos;
				SWIFT_OPTIMIZATION_LEVEL = "-Onone";
			};
			name = Debug;
		};
		7B8CEE6A19F474BE00BCC156 /* Release */ = {
			isa = XCBuildConfiguration;
			buildSettings = {
				ALWAYS_SEARCH_USER_PATHS = NO;
				CLANG_CXX_LANGUAGE_STANDARD = "gnu++0x";
				CLANG_CXX_LIBRARY = "libc++";
				CLANG_ENABLE_MODULES = YES;
				CLANG_ENABLE_OBJC_ARC = YES;
				CLANG_WARN_BOOL_CONVERSION = YES;
				CLANG_WARN_CONSTANT_CONVERSION = YES;
				CLANG_WARN_DIRECT_OBJC_ISA_USAGE = YES_ERROR;
				CLANG_WARN_EMPTY_BODY = YES;
				CLANG_WARN_ENUM_CONVERSION = YES;
				CLANG_WARN_INT_CONVERSION = YES;
				CLANG_WARN_OBJC_ROOT_CLASS = YES_ERROR;
				CLANG_WARN_UNREACHABLE_CODE = YES;
				CLANG_WARN__DUPLICATE_METHOD_MATCH = YES;
				"CODE_SIGN_IDENTITY[sdk=iphoneos*]" = "iPhone Developer";
				COPY_PHASE_STRIP = YES;
				ENABLE_NS_ASSERTIONS = NO;
				ENABLE_STRICT_OBJC_MSGSEND = YES;
				GCC_C_LANGUAGE_STANDARD = gnu99;
				GCC_WARN_64_TO_32_BIT_CONVERSION = YES;
				GCC_WARN_ABOUT_RETURN_TYPE = YES_ERROR;
				GCC_WARN_UNDECLARED_SELECTOR = YES;
				GCC_WARN_UNINITIALIZED_AUTOS = YES_AGGRESSIVE;
				GCC_WARN_UNUSED_FUNCTION = YES;
				GCC_WARN_UNUSED_VARIABLE = YES;
				IPHONEOS_DEPLOYMENT_TARGET = 8.0;
				MTL_ENABLE_DEBUG_INFO = NO;
				SDKROOT = iphoneos;
				VALIDATE_PRODUCT = YES;
			};
			name = Release;
		};
		7B8CEE6C19F474BE00BCC156 /* Debug */ = {
			isa = XCBuildConfiguration;
			buildSettings = {
				ASSETCATALOG_COMPILER_APPICON_NAME = AppIcon;
				INFOPLIST_FILE = Workday/Info.plist;
				IPHONEOS_DEPLOYMENT_TARGET = 8.0;
				LD_RUNPATH_SEARCH_PATHS = "$(inherited) @executable_path/Frameworks";
				PRODUCT_NAME = "$(TARGET_NAME)";
			};
			name = Debug;
		};
		7B8CEE6D19F474BE00BCC156 /* Release */ = {
			isa = XCBuildConfiguration;
			buildSettings = {
				ASSETCATALOG_COMPILER_APPICON_NAME = AppIcon;
				INFOPLIST_FILE = Workday/Info.plist;
				IPHONEOS_DEPLOYMENT_TARGET = 8.0;
				LD_RUNPATH_SEARCH_PATHS = "$(inherited) @executable_path/Frameworks";
				PRODUCT_NAME = "$(TARGET_NAME)";
			};
			name = Release;
		};
		7B8CEE6F19F474BE00BCC156 /* Debug */ = {
			isa = XCBuildConfiguration;
			buildSettings = {
				BUNDLE_LOADER = "$(TEST_HOST)";
				FRAMEWORK_SEARCH_PATHS = (
					"$(SDKROOT)/Developer/Library/Frameworks",
					"$(inherited)",
				);
				GCC_PREPROCESSOR_DEFINITIONS = (
					"DEBUG=1",
					"$(inherited)",
				);
				INFOPLIST_FILE = WorkdayTests/Info.plist;
				LD_RUNPATH_SEARCH_PATHS = "$(inherited) @executable_path/Frameworks @loader_path/Frameworks";
				PRODUCT_NAME = "$(TARGET_NAME)";
				TEST_HOST = "$(BUILT_PRODUCTS_DIR)/Workday.app/Workday";
			};
			name = Debug;
		};
		7B8CEE7019F474BE00BCC156 /* Release */ = {
			isa = XCBuildConfiguration;
			buildSettings = {
				BUNDLE_LOADER = "$(TEST_HOST)";
				FRAMEWORK_SEARCH_PATHS = (
					"$(SDKROOT)/Developer/Library/Frameworks",
					"$(inherited)",
				);
				INFOPLIST_FILE = WorkdayTests/Info.plist;
				LD_RUNPATH_SEARCH_PATHS = "$(inherited) @executable_path/Frameworks @loader_path/Frameworks";
				PRODUCT_NAME = "$(TARGET_NAME)";
				TEST_HOST = "$(BUILT_PRODUCTS_DIR)/Workday.app/Workday";
			};
			name = Release;
		};
/* End XCBuildConfiguration section */

/* Begin XCConfigurationList section */
		7B8CEE4719F474BE00BCC156 /* Build configuration list for PBXProject "Workday" */ = {
			isa = XCConfigurationList;
			buildConfigurations = (
				7B8CEE6919F474BE00BCC156 /* Debug */,
				7B8CEE6A19F474BE00BCC156 /* Release */,
			);
			defaultConfigurationIsVisible = 0;
			defaultConfigurationName = Release;
		};
		7B8CEE6B19F474BE00BCC156 /* Build configuration list for PBXNativeTarget "Workday" */ = {
			isa = XCConfigurationList;
			buildConfigurations = (
				7B8CEE6C19F474BE00BCC156 /* Debug */,
				7B8CEE6D19F474BE00BCC156 /* Release */,
			);
			defaultConfigurationIsVisible = 0;
			defaultConfigurationName = Release;
		};
		7B8CEE6E19F474BE00BCC156 /* Build configuration list for PBXNativeTarget "WorkdayTests" */ = {
			isa = XCConfigurationList;
			buildConfigurations = (
				7B8CEE6F19F474BE00BCC156 /* Debug */,
				7B8CEE7019F474BE00BCC156 /* Release */,
			);
			defaultConfigurationIsVisible = 0;
			defaultConfigurationName = Release;
		};
/* End XCConfigurationList section */
	};
	rootObject = 7B8CEE4419F474BE00BCC156 /* Project object */;
}
